# This file is autogenerated, do not edit; changes may be undone by the next 'dep ensure'.


[[projects]]
  branch = "master"
  name = "github.com/Azure/go-ansiterm"
  packages = [
    ".",
    "winterm"
  ]
  revision = "d6e3b3328b783f23731bc4d058875b0371ff8109"

[[projects]]
  name = "github.com/Microsoft/go-winio"
  packages = ["."]
  revision = "7da180ee92d8bd8bb8c37fc560e673e6557c392f"
  version = "v0.4.7"

[[projects]]
  branch = "master"
  name = "github.com/Nvveen/Gotty"
  packages = ["."]
  revision = "cd527374f1e5bff4938207604a14f2e38a9cf512"

[[projects]]
  name = "github.com/bitly/go-simplejson"
  packages = ["."]
  revision = "aabad6e819789e569bd6aabf444c935aa9ba1e44"
  version = "v0.5.0"

[[projects]]
  branch = "master"
  name = "github.com/containerd/continuity"
  packages = ["pathdriver"]
  revision = "d3c23511c1bf5851696cba83143d9cbcd666869b"

[[projects]]
  name = "github.com/docker/docker"
  packages = [
    "api/types",
    "api/types/blkiodev",
    "api/types/container",
    "api/types/filters",
    "api/types/mount",
    "api/types/network",
    "api/types/registry",
    "api/types/strslice",
    "api/types/swarm",
    "api/types/swarm/runtime",
    "api/types/versions",
    "opts",
    "pkg/archive",
    "pkg/fileutils",
    "pkg/homedir",
    "pkg/idtools",
    "pkg/ioutils",
    "pkg/jsonmessage",
    "pkg/longpath",
    "pkg/mount",
    "pkg/pools",
    "pkg/stdcopy",
    "pkg/system",
    "pkg/term",
    "pkg/term/windows"
  ]
  revision = "a422774e593b33bd287d9890544ad9e09b380d8c"
  source = "https://github.com/docker/docker.git"

[[projects]]
  name = "github.com/docker/go-connections"
  packages = ["nat"]
  revision = "3ede32e2033de7505e6500d6c868c2b9ed9f169d"
  version = "v0.3.0"

[[projects]]
  name = "github.com/docker/go-units"
  packages = ["."]
  revision = "47565b4f722fb6ceae66b95f853feed578a4a51c"
  version = "v0.3.3"

[[projects]]
  name = "github.com/fsouza/go-dockerclient"
  packages = ["."]
  revision = "ca33ff277b527ce11b793e62f9ba244129b01caf"
  version = "v1.2.0"

[[projects]]
  name = "github.com/gogo/protobuf"
  packages = ["proto"]
  revision = "1adfc126b41513cc696b209667c8656ea7aac67c"
  version = "v1.0.0"

[[projects]]
  name = "github.com/opencontainers/go-digest"
  packages = ["."]
  revision = "279bed98673dd5bef374d3b6e4b09e2af76183bf"
  version = "v1.0.0-rc1"

[[projects]]
  name = "github.com/opencontainers/image-spec"
  packages = [
    "specs-go",
    "specs-go/v1"
  ]
  revision = "d60099175f88c47cd379c4738d158884749ed235"
  version = "v1.0.1"

[[projects]]
  name = "github.com/opencontainers/runc"
  packages = [
    "libcontainer/system",
    "libcontainer/user"
  ]
  revision = "baf6536d6259209c3edfa2b22237af82942d3dfa"
  version = "v0.1.1"

[[projects]]
  name = "github.com/pkg/errors"
  packages = ["."]
  revision = "645ef00459ed84a119197bfb8d8205042c6df63d"
  version = "v0.8.0"

[[projects]]
  name = "github.com/sirupsen/logrus"
  packages = ["."]
  revision = "c155da19408a8799da419ed3eeb0cb5db0ad5dbc"
  version = "v1.0.5"

[[projects]]
  name = "github.com/tkanos/gonfig"
  packages = ["."]
  revision = "e83209aed2d171bab5ffb312a1e630110481cb99"
  version = "1.0"

[[projects]]
  branch = "master"
  name = "golang.org/x/crypto"
  packages = ["ssh/terminal"]
  revision = "ab813273cd59e1333f7ae7bff5d027d4aadf528c"

[[projects]]
  branch = "master"
  name = "golang.org/x/net"
  packages = [
    "context",
    "context/ctxhttp"
  ]
  revision = "89e543239a64caf31d3a6865872ea120b41446df"

[[projects]]
  branch = "master"
  name = "golang.org/x/sys"
  packages = [
    "unix",
    "windows"
  ]
  revision = "c11f84a56e43e20a78cee75a7c034031ecf57d1f"

[solve-meta]
  analyzer-name = "dep"
  analyzer-version = 1
  inputs-digest = "3b579accfd73d6428449fc20b30fda6acb9f520e8ffcb08dedaa2f34c9bc923b"
  solver-name = "gps-cdcl"
  solver-version = 1
